// !$*UTF8*$!
{
	archiveVersion = 1;
	classes = {
	};
	objectVersion = 47;
	objects = {

/* Begin PBXBuildFile section */
		8D0043531C4EE38F00C1F7D6 /* Story.swift in Sources */ = {isa = PBXBuildFile; fileRef = 8D657EC11C49ACEE00F31BB7 /* Story.swift */; };
		8D0043541C4EE38F00C1F7D6 /* APIClient.swift in Sources */ = {isa = PBXBuildFile; fileRef = 8D657EC91C49BCD100F31BB7 /* APIClient.swift */; };
		8D0043551C4EE38F00C1F7D6 /* StoriesViewController.swift in Sources */ = {isa = PBXBuildFile; fileRef = 8D657EBA1C49A90B00F31BB7 /* StoriesViewController.swift */; };
		8D0043561C4EE38F00C1F7D6 /* AppDelegate.swift in Sources */ = {isa = PBXBuildFile; fileRef = 8D657E8D1C49A80500F31BB7 /* AppDelegate.swift */; };
		8D05A7641CF7B21D0066EADE /* Credits.rtf in Resources */ = {isa = PBXBuildFile; fileRef = 8D05A7631CF7B21D0066EADE /* Credits.rtf */; };
		8D086DF01D2D5BB10015EF71 /* DisclosureButtonView.swift in Sources */ = {isa = PBXBuildFile; fileRef = 8D086DEF1D2D5BB10015EF71 /* DisclosureButtonView.swift */; };
		8D16E97E1D217A9700FD1153 /* MainWindowController.swift in Sources */ = {isa = PBXBuildFile; fileRef = 8D16E97D1D217A9700FD1153 /* MainWindowController.swift */; };
		8D16E9801D21817400FD1153 /* MainSplitViewController.swift in Sources */ = {isa = PBXBuildFile; fileRef = 8D16E97F1D21817400FD1153 /* MainSplitViewController.swift */; };
		8D1DAB521FDDD38600FF4FCC /* StoryStatusView.xib in Resources */ = {isa = PBXBuildFile; fileRef = 8D1DAB511FDDD38600FF4FCC /* StoryStatusView.xib */; };
		8D1DAB541FDDD47600FF4FCC /* StoryStatusView.swift in Sources */ = {isa = PBXBuildFile; fileRef = 8D1DAB531FDDD47600FF4FCC /* StoryStatusView.swift */; };
		8D2630341C754EC900CFFE62 /* String+MarkupParser.swift in Sources */ = {isa = PBXBuildFile; fileRef = 8D2630331C754EC900CFFE62 /* String+MarkupParser.swift */; };
		8D2630361C755F4600CFFE62 /* URL+ShortURL.swift in Sources */ = {isa = PBXBuildFile; fileRef = 8D2630351C755F4600CFFE62 /* URL+ShortURL.swift */; };
		8D29AC0F1E7A1118002FFB32 /* ThemeableButton.swift in Sources */ = {isa = PBXBuildFile; fileRef = 8D29AC0E1E7A1118002FFB32 /* ThemeableButton.swift */; };
		8D2FC6A51FDD681800E22E24 /* ProgressOverlayView.xib in Resources */ = {isa = PBXBuildFile; fileRef = 8D2FC6A41FDD681800E22E24 /* ProgressOverlayView.xib */; };
		8D2FC6A71FDD68F800E22E24 /* ProgressOverlayView.swift in Sources */ = {isa = PBXBuildFile; fileRef = 8D2FC6A61FDD68F800E22E24 /* ProgressOverlayView.swift */; };
		8D323F611D66496200B33DA9 /* WebRouting.swift in Sources */ = {isa = PBXBuildFile; fileRef = 8D323F601D66496200B33DA9 /* WebRouting.swift */; };
		8D3489CC1CFB07F6007A37C9 /* CategoryRowView.swift in Sources */ = {isa = PBXBuildFile; fileRef = 8D3489CB1CFB07F6007A37C9 /* CategoryRowView.swift */; };
		8D3DD41F1F6B4785007415B6 /* JSONDecodable.swift in Sources */ = {isa = PBXBuildFile; fileRef = 8D3DD41E1F6B4785007415B6 /* JSONDecodable.swift */; };
		8D4630981E7B073600B31BA9 /* TransparentDividerSplitView.swift in Sources */ = {isa = PBXBuildFile; fileRef = 8D4630971E7B073600B31BA9 /* TransparentDividerSplitView.swift */; };
		8D4DC0071D4A534F0066EB11 /* MarkupLayoutManager.swift in Sources */ = {isa = PBXBuildFile; fileRef = 8D4DC0061D4A534F0066EB11 /* MarkupLayoutManager.swift */; };
		8D4DC0091D4A53830066EB11 /* MarkupTextView.swift in Sources */ = {isa = PBXBuildFile; fileRef = 8D4DC0081D4A53830066EB11 /* MarkupTextView.swift */; };
		8D4DC54B1FEC210B003997C5 /* FadingScrollView.swift in Sources */ = {isa = PBXBuildFile; fileRef = 8D4DC54A1FEC210B003997C5 /* FadingScrollView.swift */; };
		8D5D02051D67AEEC00D22259 /* NSImageView+Tint.swift in Sources */ = {isa = PBXBuildFile; fileRef = 8D5D02041D67AEEC00D22259 /* NSImageView+Tint.swift */; };
		8D5DB2181D637909009A8E71 /* TestData in Resources */ = {isa = PBXBuildFile; fileRef = 8D5DB2171D637909009A8E71 /* TestData */; };
		8D5ED1DB1C570165004440FD /* CommentCellView.swift in Sources */ = {isa = PBXBuildFile; fileRef = 8D5ED1DA1C570165004440FD /* CommentCellView.swift */; };
		8D708E3A1C7F6E300089BD7D /* CommentsOutlineView.swift in Sources */ = {isa = PBXBuildFile; fileRef = 8D708E391C7F6E300089BD7D /* CommentsOutlineView.swift */; };
		8D72DFC71C50313100ADEBB8 /* StoryCellView.swift in Sources */ = {isa = PBXBuildFile; fileRef = 8D72DFC61C50313100ADEBB8 /* StoryCellView.swift */; };
		8D766FC11F23C53400534769 /* StoriesTableView.swift in Sources */ = {isa = PBXBuildFile; fileRef = 8D766FC01F23C53400534769 /* StoriesTableView.swift */; };
		8D7856AE1DCE45E50051F3E2 /* AboutWindowController.swift in Sources */ = {isa = PBXBuildFile; fileRef = 8D7856AD1DCE45E50051F3E2 /* AboutWindowController.swift */; };
		8D7A6AFD1C9DBDF0002B119C /* CategoriesViewController.swift in Sources */ = {isa = PBXBuildFile; fileRef = 8D7A6AFC1C9DBDF0002B119C /* CategoriesViewController.swift */; };
		8D7EC20D1FE1E8F000126BFF /* NSAttributedString+Additions.swift in Sources */ = {isa = PBXBuildFile; fileRef = 8D7EC20C1FE1E8F000126BFF /* NSAttributedString+Additions.swift */; };
		8D7EC20F1FE5997400126BFF /* Int+KFormatted.swift in Sources */ = {isa = PBXBuildFile; fileRef = 8D7EC20E1FE5997400126BFF /* Int+KFormatted.swift */; };
		8D8105231DCE53200031AE2C /* UserDetailsPopoverView.xib in Resources */ = {isa = PBXBuildFile; fileRef = 8D8105221DCE53200031AE2C /* UserDetailsPopoverView.xib */; };
		8D86F4491CF7343900017E47 /* AboutViewController.swift in Sources */ = {isa = PBXBuildFile; fileRef = 8D86F4481CF7343900017E47 /* AboutViewController.swift */; };
		8D91D0B51FCC9B6900A61601 /* StoryDetailsViewController.swift in Sources */ = {isa = PBXBuildFile; fileRef = 8D91D0B41FCC9B6900A61601 /* StoryDetailsViewController.swift */; };
		8D92332D1FCCAA3C001FE232 /* StoryMasterViewController.swift in Sources */ = {isa = PBXBuildFile; fileRef = 8D92332C1FCCAA3C001FE232 /* StoryMasterViewController.swift */; };
		8D9310EB1EED4ABC00244407 /* SystemConfiguration.framework in Frameworks */ = {isa = PBXBuildFile; fileRef = 8D9310E61EED487B00244407 /* SystemConfiguration.framework */; };
		8D9310EF1EED4B3B00244407 /* CFNetwork.framework in Frameworks */ = {isa = PBXBuildFile; fileRef = 8D9310EE1EED4B3B00244407 /* CFNetwork.framework */; };
		8D9310F11EED4C8E00244407 /* Security.framework in Frameworks */ = {isa = PBXBuildFile; fileRef = 8D9310F01EED4C8E00244407 /* Security.framework */; };
		8D9310F21EED4CA100244407 /* libc++.tbd in Frameworks */ = {isa = PBXBuildFile; fileRef = 8D9310E41EED486C00244407 /* libc++.tbd */; };
		8D9B33F51E74AF2F007B5E1F /* FirebaseRESTAPIClient.swift in Sources */ = {isa = PBXBuildFile; fileRef = 8D9B33F41E74AF2F007B5E1F /* FirebaseRESTAPIClient.swift */; };
		8DA296A21D2ABEC50072DABB /* HorizontalLineSeparatorView.swift in Sources */ = {isa = PBXBuildFile; fileRef = 8DA296A11D2ABEC50072DABB /* HorizontalLineSeparatorView.swift */; };
		8DA296A41D2AD5BD0072DABB /* LightColoredBadgeView.swift in Sources */ = {isa = PBXBuildFile; fileRef = 8DA296A31D2AD5BD0072DABB /* LightColoredBadgeView.swift */; };
		8DAAFEB51FB7B17D0023783A /* NetworkingAware.swift in Sources */ = {isa = PBXBuildFile; fileRef = 8DAAFEB41FB7B17D0023783A /* NetworkingAware.swift */; };
		8DB29B361CF37E32006EBF32 /* Assets.xcassets in Resources */ = {isa = PBXBuildFile; fileRef = 8DB29B351CF37E32006EBF32 /* Assets.xcassets */; };
		8DC309521C6E0D3F00188137 /* MarkupParser.swift in Sources */ = {isa = PBXBuildFile; fileRef = 8DC309511C6E0D3F00188137 /* MarkupParser.swift */; };
		8DC941301E3CF626008BB0A5 /* StoryRowView.swift in Sources */ = {isa = PBXBuildFile; fileRef = 8DC9412F1E3CF626008BB0A5 /* StoryRowView.swift */; };
		8DC941371E3D0308008BB0A5 /* Theme.swift in Sources */ = {isa = PBXBuildFile; fileRef = 8DC941361E3D0308008BB0A5 /* Theme.swift */; };
		8DD8C2AD1C554AB200D8A673 /* Comment.swift in Sources */ = {isa = PBXBuildFile; fileRef = 8DD8C2AC1C554AB200D8A673 /* Comment.swift */; };
		8DD8CBC91D706E08005F4238 /* Result.swift in Sources */ = {isa = PBXBuildFile; fileRef = 8DD8CBC81D706E08005F4238 /* Result.swift */; };
		8DD9B1B31C8D6A570042F89C /* Date+TimeIntervalString.swift in Sources */ = {isa = PBXBuildFile; fileRef = 8DD9B1B21C8D6A570042F89C /* Date+TimeIntervalString.swift */; };
		8DDF25B71EED4F2000402E54 /* Firebase.framework in Frameworks */ = {isa = PBXBuildFile; fileRef = 8DDF25B61EED4F2000402E54 /* Firebase.framework */; };
		8DDF25BB1EED577900402E54 /* ClickableTextField.swift in Sources */ = {isa = PBXBuildFile; fileRef = 8DDF25BA1EED577900402E54 /* ClickableTextField.swift */; };
		8DEC92221C708E2800833317 /* UserDetailsPopoverViewController.swift in Sources */ = {isa = PBXBuildFile; fileRef = 8DEC92211C708E2800833317 /* UserDetailsPopoverViewController.swift */; };
		8DEC92261C71F4B300833317 /* User.swift in Sources */ = {isa = PBXBuildFile; fileRef = 8DEC92251C71F4B300833317 /* User.swift */; };
		8DECDCF31D1B049A005AC978 /* CommentsViewController.swift in Sources */ = {isa = PBXBuildFile; fileRef = 8DECDCF21D1B049A005AC978 /* CommentsViewController.swift */; };
		8DEEA5601C514150001DB85D /* Item.swift in Sources */ = {isa = PBXBuildFile; fileRef = 8DEEA55F1C514150001DB85D /* Item.swift */; };
		8DEEA5621C52CB45001DB85D /* Main.storyboard in Resources */ = {isa = PBXBuildFile; fileRef = 8DEEA5611C52CB45001DB85D /* Main.storyboard */; };
		8DF93B661E66FB8600F3CA51 /* FirebaseAPIClient.swift in Sources */ = {isa = PBXBuildFile; fileRef = 8DF93B651E66FB8600F3CA51 /* FirebaseAPIClient.swift */; };
/* End PBXBuildFile section */

/* Begin PBXFileReference section */
		8D04F1F41E3E0B6100ECA372 /* Diurna.app */ = {isa = PBXFileReference; explicitFileType = wrapper.application; includeInIndex = 0; path = Diurna.app; sourceTree = BUILT_PRODUCTS_DIR; };
		8D05A7631CF7B21D0066EADE /* Credits.rtf */ = {isa = PBXFileReference; fileEncoding = 4; lastKnownFileType = text.rtf; path = Credits.rtf; sourceTree = "<group>"; };
		8D086DEF1D2D5BB10015EF71 /* DisclosureButtonView.swift */ = {isa = PBXFileReference; fileEncoding = 4; lastKnownFileType = sourcecode.swift; path = DisclosureButtonView.swift; sourceTree = "<group>"; };
		8D16E97D1D217A9700FD1153 /* MainWindowController.swift */ = {isa = PBXFileReference; fileEncoding = 4; lastKnownFileType = sourcecode.swift; path = MainWindowController.swift; sourceTree = "<group>"; };
		8D16E97F1D21817400FD1153 /* MainSplitViewController.swift */ = {isa = PBXFileReference; fileEncoding = 4; lastKnownFileType = sourcecode.swift; path = MainSplitViewController.swift; sourceTree = "<group>"; };
		8D1DAB511FDDD38600FF4FCC /* StoryStatusView.xib */ = {isa = PBXFileReference; lastKnownFileType = file.xib; path = StoryStatusView.xib; sourceTree = "<group>"; };
		8D1DAB531FDDD47600FF4FCC /* StoryStatusView.swift */ = {isa = PBXFileReference; lastKnownFileType = sourcecode.swift; path = StoryStatusView.swift; sourceTree = "<group>"; };
		8D2630331C754EC900CFFE62 /* String+MarkupParser.swift */ = {isa = PBXFileReference; fileEncoding = 4; lastKnownFileType = sourcecode.swift; path = "String+MarkupParser.swift"; sourceTree = "<group>"; };
		8D2630351C755F4600CFFE62 /* URL+ShortURL.swift */ = {isa = PBXFileReference; fileEncoding = 4; lastKnownFileType = sourcecode.swift; path = "URL+ShortURL.swift"; sourceTree = "<group>"; };
		8D29AC0E1E7A1118002FFB32 /* ThemeableButton.swift */ = {isa = PBXFileReference; fileEncoding = 4; lastKnownFileType = sourcecode.swift; path = ThemeableButton.swift; sourceTree = "<group>"; };
		8D2FC6A41FDD681800E22E24 /* ProgressOverlayView.xib */ = {isa = PBXFileReference; lastKnownFileType = file.xib; path = ProgressOverlayView.xib; sourceTree = "<group>"; };
		8D2FC6A61FDD68F800E22E24 /* ProgressOverlayView.swift */ = {isa = PBXFileReference; lastKnownFileType = sourcecode.swift; path = ProgressOverlayView.swift; sourceTree = "<group>"; };
		8D323F601D66496200B33DA9 /* WebRouting.swift */ = {isa = PBXFileReference; fileEncoding = 4; lastKnownFileType = sourcecode.swift; path = WebRouting.swift; sourceTree = "<group>"; };
		8D3489CB1CFB07F6007A37C9 /* CategoryRowView.swift */ = {isa = PBXFileReference; fileEncoding = 4; lastKnownFileType = sourcecode.swift; path = CategoryRowView.swift; sourceTree = "<group>"; };
		8D3DD41E1F6B4785007415B6 /* JSONDecodable.swift */ = {isa = PBXFileReference; lastKnownFileType = sourcecode.swift; path = JSONDecodable.swift; sourceTree = "<group>"; };
		8D4630971E7B073600B31BA9 /* TransparentDividerSplitView.swift */ = {isa = PBXFileReference; fileEncoding = 4; lastKnownFileType = sourcecode.swift; path = TransparentDividerSplitView.swift; sourceTree = "<group>"; };
		8D4DC0061D4A534F0066EB11 /* MarkupLayoutManager.swift */ = {isa = PBXFileReference; fileEncoding = 4; lastKnownFileType = sourcecode.swift; path = MarkupLayoutManager.swift; sourceTree = "<group>"; };
		8D4DC0081D4A53830066EB11 /* MarkupTextView.swift */ = {isa = PBXFileReference; fileEncoding = 4; lastKnownFileType = sourcecode.swift; path = MarkupTextView.swift; sourceTree = "<group>"; };
		8D4DC54A1FEC210B003997C5 /* FadingScrollView.swift */ = {isa = PBXFileReference; lastKnownFileType = sourcecode.swift; path = FadingScrollView.swift; sourceTree = "<group>"; };
		8D5D02041D67AEEC00D22259 /* NSImageView+Tint.swift */ = {isa = PBXFileReference; fileEncoding = 4; lastKnownFileType = sourcecode.swift; path = "NSImageView+Tint.swift"; sourceTree = "<group>"; };
		8D5DB2171D637909009A8E71 /* TestData */ = {isa = PBXFileReference; lastKnownFileType = folder; path = TestData; sourceTree = "<group>"; };
		8D5ED1DA1C570165004440FD /* CommentCellView.swift */ = {isa = PBXFileReference; fileEncoding = 4; lastKnownFileType = sourcecode.swift; path = CommentCellView.swift; sourceTree = "<group>"; };
		8D657E8D1C49A80500F31BB7 /* AppDelegate.swift */ = {isa = PBXFileReference; lastKnownFileType = sourcecode.swift; path = AppDelegate.swift; sourceTree = "<group>"; };
		8D657E941C49A80500F31BB7 /* Info.plist */ = {isa = PBXFileReference; lastKnownFileType = text.plist.xml; path = Info.plist; sourceTree = "<group>"; };
		8D657EBA1C49A90B00F31BB7 /* StoriesViewController.swift */ = {isa = PBXFileReference; fileEncoding = 4; lastKnownFileType = sourcecode.swift; path = StoriesViewController.swift; sourceTree = "<group>"; };
		8D657EC11C49ACEE00F31BB7 /* Story.swift */ = {isa = PBXFileReference; fileEncoding = 4; lastKnownFileType = sourcecode.swift; path = Story.swift; sourceTree = "<group>"; };
		8D657EC91C49BCD100F31BB7 /* APIClient.swift */ = {isa = PBXFileReference; fileEncoding = 4; lastKnownFileType = sourcecode.swift; path = APIClient.swift; sourceTree = "<group>"; };
		8D708E391C7F6E300089BD7D /* CommentsOutlineView.swift */ = {isa = PBXFileReference; fileEncoding = 4; lastKnownFileType = sourcecode.swift; path = CommentsOutlineView.swift; sourceTree = "<group>"; };
		8D72DFC61C50313100ADEBB8 /* StoryCellView.swift */ = {isa = PBXFileReference; fileEncoding = 4; lastKnownFileType = sourcecode.swift; path = StoryCellView.swift; sourceTree = "<group>"; };
		8D766FC01F23C53400534769 /* StoriesTableView.swift */ = {isa = PBXFileReference; lastKnownFileType = sourcecode.swift; path = StoriesTableView.swift; sourceTree = "<group>"; };
		8D7856AD1DCE45E50051F3E2 /* AboutWindowController.swift */ = {isa = PBXFileReference; fileEncoding = 4; lastKnownFileType = sourcecode.swift; path = AboutWindowController.swift; sourceTree = "<group>"; };
		8D7A6AFC1C9DBDF0002B119C /* CategoriesViewController.swift */ = {isa = PBXFileReference; fileEncoding = 4; lastKnownFileType = sourcecode.swift; path = CategoriesViewController.swift; sourceTree = "<group>"; };
		8D7EC20C1FE1E8F000126BFF /* NSAttributedString+Additions.swift */ = {isa = PBXFileReference; lastKnownFileType = sourcecode.swift; path = "NSAttributedString+Additions.swift"; sourceTree = "<group>"; };
		8D7EC20E1FE5997400126BFF /* Int+KFormatted.swift */ = {isa = PBXFileReference; lastKnownFileType = sourcecode.swift; path = "Int+KFormatted.swift"; sourceTree = "<group>"; };
		8D8105221DCE53200031AE2C /* UserDetailsPopoverView.xib */ = {isa = PBXFileReference; fileEncoding = 4; lastKnownFileType = file.xib; path = UserDetailsPopoverView.xib; sourceTree = "<group>"; };
		8D86F4481CF7343900017E47 /* AboutViewController.swift */ = {isa = PBXFileReference; fileEncoding = 4; lastKnownFileType = sourcecode.swift; path = AboutViewController.swift; sourceTree = "<group>"; };
		8D91D0B41FCC9B6900A61601 /* StoryDetailsViewController.swift */ = {isa = PBXFileReference; lastKnownFileType = sourcecode.swift; path = StoryDetailsViewController.swift; sourceTree = "<group>"; };
		8D92332C1FCCAA3C001FE232 /* StoryMasterViewController.swift */ = {isa = PBXFileReference; lastKnownFileType = sourcecode.swift; path = StoryMasterViewController.swift; sourceTree = "<group>"; };
		8D9310E41EED486C00244407 /* libc++.tbd */ = {isa = PBXFileReference; lastKnownFileType = "sourcecode.text-based-dylib-definition"; name = "libc++.tbd"; path = "usr/lib/libc++.tbd"; sourceTree = SDKROOT; };
		8D9310E61EED487B00244407 /* SystemConfiguration.framework */ = {isa = PBXFileReference; lastKnownFileType = wrapper.framework; name = SystemConfiguration.framework; path = System/Library/Frameworks/SystemConfiguration.framework; sourceTree = SDKROOT; };
		8D9310EC1EED4AC700244407 /* libicucore.tbd */ = {isa = PBXFileReference; lastKnownFileType = "sourcecode.text-based-dylib-definition"; name = libicucore.tbd; path = usr/lib/libicucore.tbd; sourceTree = SDKROOT; };
		8D9310EE1EED4B3B00244407 /* CFNetwork.framework */ = {isa = PBXFileReference; lastKnownFileType = wrapper.framework; name = CFNetwork.framework; path = System/Library/Frameworks/CFNetwork.framework; sourceTree = SDKROOT; };
		8D9310F01EED4C8E00244407 /* Security.framework */ = {isa = PBXFileReference; lastKnownFileType = wrapper.framework; name = Security.framework; path = System/Library/Frameworks/Security.framework; sourceTree = SDKROOT; };
		8D9B33F41E74AF2F007B5E1F /* FirebaseRESTAPIClient.swift */ = {isa = PBXFileReference; fileEncoding = 4; lastKnownFileType = sourcecode.swift; path = FirebaseRESTAPIClient.swift; sourceTree = "<group>"; };
		8DA296A11D2ABEC50072DABB /* HorizontalLineSeparatorView.swift */ = {isa = PBXFileReference; fileEncoding = 4; lastKnownFileType = sourcecode.swift; path = HorizontalLineSeparatorView.swift; sourceTree = "<group>"; };
		8DA296A31D2AD5BD0072DABB /* LightColoredBadgeView.swift */ = {isa = PBXFileReference; fileEncoding = 4; lastKnownFileType = sourcecode.swift; path = LightColoredBadgeView.swift; sourceTree = "<group>"; };
		8DAAFEB41FB7B17D0023783A /* NetworkingAware.swift */ = {isa = PBXFileReference; lastKnownFileType = sourcecode.swift; path = NetworkingAware.swift; sourceTree = "<group>"; };
		8DB29B351CF37E32006EBF32 /* Assets.xcassets */ = {isa = PBXFileReference; lastKnownFileType = folder.assetcatalog; name = Assets.xcassets; path = ../Assets.xcassets; sourceTree = "<group>"; };
		8DC309511C6E0D3F00188137 /* MarkupParser.swift */ = {isa = PBXFileReference; fileEncoding = 4; lastKnownFileType = sourcecode.swift; path = MarkupParser.swift; sourceTree = "<group>"; };
		8DC9412F1E3CF626008BB0A5 /* StoryRowView.swift */ = {isa = PBXFileReference; fileEncoding = 4; lastKnownFileType = sourcecode.swift; path = StoryRowView.swift; sourceTree = "<group>"; };
		8DC941361E3D0308008BB0A5 /* Theme.swift */ = {isa = PBXFileReference; fileEncoding = 4; lastKnownFileType = sourcecode.swift; path = Theme.swift; sourceTree = "<group>"; };
		8DD8C2AC1C554AB200D8A673 /* Comment.swift */ = {isa = PBXFileReference; fileEncoding = 4; lastKnownFileType = sourcecode.swift; path = Comment.swift; sourceTree = "<group>"; };
		8DD8CBC81D706E08005F4238 /* Result.swift */ = {isa = PBXFileReference; fileEncoding = 4; lastKnownFileType = sourcecode.swift; path = Result.swift; sourceTree = "<group>"; };
		8DD9B1B21C8D6A570042F89C /* Date+TimeIntervalString.swift */ = {isa = PBXFileReference; fileEncoding = 4; lastKnownFileType = sourcecode.swift; path = "Date+TimeIntervalString.swift"; sourceTree = "<group>"; };
		8DDF25B61EED4F2000402E54 /* Firebase.framework */ = {isa = PBXFileReference; lastKnownFileType = wrapper.framework; name = Firebase.framework; path = Frameworks/Firebase.framework; sourceTree = "<group>"; };
		8DDF25BA1EED577900402E54 /* ClickableTextField.swift */ = {isa = PBXFileReference; fileEncoding = 4; lastKnownFileType = sourcecode.swift; path = ClickableTextField.swift; sourceTree = "<group>"; };
		8DEC92211C708E2800833317 /* UserDetailsPopoverViewController.swift */ = {isa = PBXFileReference; fileEncoding = 4; lastKnownFileType = sourcecode.swift; path = UserDetailsPopoverViewController.swift; sourceTree = "<group>"; };
		8DEC92251C71F4B300833317 /* User.swift */ = {isa = PBXFileReference; fileEncoding = 4; lastKnownFileType = sourcecode.swift; path = User.swift; sourceTree = "<group>"; };
		8DECDCF21D1B049A005AC978 /* CommentsViewController.swift */ = {isa = PBXFileReference; fileEncoding = 4; lastKnownFileType = sourcecode.swift; path = CommentsViewController.swift; sourceTree = "<group>"; };
		8DEEA55F1C514150001DB85D /* Item.swift */ = {isa = PBXFileReference; fileEncoding = 4; lastKnownFileType = sourcecode.swift; path = Item.swift; sourceTree = "<group>"; };
		8DEEA5611C52CB45001DB85D /* Main.storyboard */ = {isa = PBXFileReference; fileEncoding = 4; lastKnownFileType = file.storyboard; path = Main.storyboard; sourceTree = "<group>"; };
		8DF93B651E66FB8600F3CA51 /* FirebaseAPIClient.swift */ = {isa = PBXFileReference; fileEncoding = 4; lastKnownFileType = sourcecode.swift; path = FirebaseAPIClient.swift; sourceTree = "<group>"; };
/* End PBXFileReference section */

/* Begin PBXFrameworksBuildPhase section */
		8D657E871C49A80500F31BB7 /* Frameworks */ = {
			isa = PBXFrameworksBuildPhase;
			buildActionMask = 2147483647;
			files = (
				8DDF25B71EED4F2000402E54 /* Firebase.framework in Frameworks */,
				8D9310F21EED4CA100244407 /* libc++.tbd in Frameworks */,
				8D9310F11EED4C8E00244407 /* Security.framework in Frameworks */,
				8D9310EF1EED4B3B00244407 /* CFNetwork.framework in Frameworks */,
				8D9310EB1EED4ABC00244407 /* SystemConfiguration.framework in Frameworks */,
			);
			runOnlyForDeploymentPostprocessing = 0;
		};
/* End PBXFrameworksBuildPhase section */

/* Begin PBXGroup section */
		8D323F5F1D661D5700B33DA9 /* Parsing */ = {
			isa = PBXGroup;
			children = (
				8DC309511C6E0D3F00188137 /* MarkupParser.swift */,
			);
			name = Parsing;
			sourceTree = "<group>";
		};
		8D323F621D664A2000B33DA9 /* Web */ = {
			isa = PBXGroup;
			children = (
				8D323F601D66496200B33DA9 /* WebRouting.swift */,
			);
			name = Web;
			sourceTree = "<group>";
		};
		8D3DD4181F6B43E1007415B6 /* Firebase */ = {
			isa = PBXGroup;
			children = (
				8DF93B651E66FB8600F3CA51 /* FirebaseAPIClient.swift */,
			);
			name = Firebase;
			sourceTree = "<group>";
		};
		8D3DD4191F6B43F0007415B6 /* REST */ = {
			isa = PBXGroup;
			children = (
				8D9B33F41E74AF2F007B5E1F /* FirebaseRESTAPIClient.swift */,
			);
			name = REST;
			sourceTree = "<group>";
		};
		8D3DD4201F6B4AF4007415B6 /* Serialization */ = {
			isa = PBXGroup;
			children = (
				8D3DD41E1F6B4785007415B6 /* JSONDecodable.swift */,
			);
			name = Serialization;
			sourceTree = "<group>";
		};
		8D657E811C49A80400F31BB7 = {
			isa = PBXGroup;
			children = (
				8D657E8C1C49A80500F31BB7 /* Diurna */,
				8D04F1F41E3E0B6100ECA372 /* Diurna.app */,
				8D9310E31EED486C00244407 /* Frameworks */,
			);
			sourceTree = "<group>";
		};
		8D657E8C1C49A80500F31BB7 /* Diurna */ = {
			isa = PBXGroup;
			children = (
				8D657E8D1C49A80500F31BB7 /* AppDelegate.swift */,
				8DE13EDE1C6361A9006774F4 /* Resources */,
				8D821E5C1C58262800ABA7BD /* API */,
				8D657EC01C49AC9700F31BB7 /* Model */,
				8D323F621D664A2000B33DA9 /* Web */,
				8D323F5F1D661D5700B33DA9 /* Parsing */,
				8D9932A21D0A078100B83489 /* Extensions */,
				8DC941351E3D02F0008BB0A5 /* Misc. */,
				8DD673931CFD070000EE8E75 /* Window Controllers */,
				8DB4EE7F1CED4A0200BA7001 /* Views */,
				8D657EBF1C49AC8200F31BB7 /* View Controllers */,
			);
			path = Diurna;
			sourceTree = "<group>";
		};
		8D657EBF1C49AC8200F31BB7 /* View Controllers */ = {
			isa = PBXGroup;
			children = (
				8D86F4481CF7343900017E47 /* AboutViewController.swift */,
				8D7A6AFC1C9DBDF0002B119C /* CategoriesViewController.swift */,
				8DECDCF21D1B049A005AC978 /* CommentsViewController.swift */,
				8D16E97F1D21817400FD1153 /* MainSplitViewController.swift */,
				8D657EBA1C49A90B00F31BB7 /* StoriesViewController.swift */,
				8D91D0B41FCC9B6900A61601 /* StoryDetailsViewController.swift */,
				8D92332C1FCCAA3C001FE232 /* StoryMasterViewController.swift */,
				8DEC92211C708E2800833317 /* UserDetailsPopoverViewController.swift */,
			);
			name = "View Controllers";
			sourceTree = "<group>";
		};
		8D657EC01C49AC9700F31BB7 /* Model */ = {
			isa = PBXGroup;
			children = (
				8D3DD4201F6B4AF4007415B6 /* Serialization */,
				8D657EC11C49ACEE00F31BB7 /* Story.swift */,
				8DD8C2AC1C554AB200D8A673 /* Comment.swift */,
				8DEC92251C71F4B300833317 /* User.swift */,
				8DEEA55F1C514150001DB85D /* Item.swift */,
			);
			name = Model;
			sourceTree = "<group>";
		};
		8D821E5C1C58262800ABA7BD /* API */ = {
			isa = PBXGroup;
			children = (
				8D657EC91C49BCD100F31BB7 /* APIClient.swift */,
				8DAAFEB41FB7B17D0023783A /* NetworkingAware.swift */,
				8D3DD4181F6B43E1007415B6 /* Firebase */,
				8D3DD4191F6B43F0007415B6 /* REST */,
			);
			name = API;
			sourceTree = "<group>";
		};
		8D9310E31EED486C00244407 /* Frameworks */ = {
			isa = PBXGroup;
			children = (
				8DDF25B61EED4F2000402E54 /* Firebase.framework */,
				8D9310F01EED4C8E00244407 /* Security.framework */,
				8D9310EE1EED4B3B00244407 /* CFNetwork.framework */,
				8D9310EC1EED4AC700244407 /* libicucore.tbd */,
				8D9310E61EED487B00244407 /* SystemConfiguration.framework */,
				8D9310E41EED486C00244407 /* libc++.tbd */,
			);
			name = Frameworks;
			sourceTree = "<group>";
		};
		8D9932A21D0A078100B83489 /* Extensions */ = {
			isa = PBXGroup;
			children = (
				8D2630331C754EC900CFFE62 /* String+MarkupParser.swift */,
				8D5D02041D67AEEC00D22259 /* NSImageView+Tint.swift */,
				8D2630351C755F4600CFFE62 /* URL+ShortURL.swift */,
				8DD9B1B21C8D6A570042F89C /* Date+TimeIntervalString.swift */,
				8D7EC20C1FE1E8F000126BFF /* NSAttributedString+Additions.swift */,
				8D7EC20E1FE5997400126BFF /* Int+KFormatted.swift */,
			);
			name = Extensions;
			sourceTree = "<group>";
		};
		8DB4EE7F1CED4A0200BA7001 /* Views */ = {
			isa = PBXGroup;
			children = (
				8D3489CB1CFB07F6007A37C9 /* CategoryRowView.swift */,
				8DDF25BA1EED577900402E54 /* ClickableTextField.swift */,
				8D5ED1DA1C570165004440FD /* CommentCellView.swift */,
				8D708E391C7F6E300089BD7D /* CommentsOutlineView.swift */,
				8D4DC54A1FEC210B003997C5 /* FadingScrollView.swift */,
				8D4DC0081D4A53830066EB11 /* MarkupTextView.swift */,
				8D086DEF1D2D5BB10015EF71 /* DisclosureButtonView.swift */,
				8DA296A11D2ABEC50072DABB /* HorizontalLineSeparatorView.swift */,
				8DA296A31D2AD5BD0072DABB /* LightColoredBadgeView.swift */,
				8D2FC6A61FDD68F800E22E24 /* ProgressOverlayView.swift */,
				8D766FC01F23C53400534769 /* StoriesTableView.swift */,
				8D72DFC61C50313100ADEBB8 /* StoryCellView.swift */,
				8DC9412F1E3CF626008BB0A5 /* StoryRowView.swift */,
				8D1DAB531FDDD47600FF4FCC /* StoryStatusView.swift */,
				8D29AC0E1E7A1118002FFB32 /* ThemeableButton.swift */,
				8D4630971E7B073600B31BA9 /* TransparentDividerSplitView.swift */,
			);
			name = Views;
			sourceTree = "<group>";
		};
		8DC941351E3D02F0008BB0A5 /* Misc. */ = {
			isa = PBXGroup;
			children = (
				8DD8CBC81D706E08005F4238 /* Result.swift */,
				8D4DC0061D4A534F0066EB11 /* MarkupLayoutManager.swift */,
				8DC941361E3D0308008BB0A5 /* Theme.swift */,
			);
			name = Misc.;
			sourceTree = "<group>";
		};
		8DD673931CFD070000EE8E75 /* Window Controllers */ = {
			isa = PBXGroup;
			children = (
				8D16E97D1D217A9700FD1153 /* MainWindowController.swift */,
				8D7856AD1DCE45E50051F3E2 /* AboutWindowController.swift */,
			);
			name = "Window Controllers";
			sourceTree = "<group>";
		};
		8DE13EDE1C6361A9006774F4 /* Resources */ = {
			isa = PBXGroup;
			children = (
				8DB29B351CF37E32006EBF32 /* Assets.xcassets */,
				8D657E941C49A80500F31BB7 /* Info.plist */,
				8D05A7631CF7B21D0066EADE /* Credits.rtf */,
				8D5DB2171D637909009A8E71 /* TestData */,
				8DEEA5611C52CB45001DB85D /* Main.storyboard */,
				8D2FC6A41FDD681800E22E24 /* ProgressOverlayView.xib */,
				8D1DAB511FDDD38600FF4FCC /* StoryStatusView.xib */,
				8D8105221DCE53200031AE2C /* UserDetailsPopoverView.xib */,
			);
			name = Resources;
			sourceTree = "<group>";
		};
/* End PBXGroup section */

/* Begin PBXNativeTarget section */
		8D657E891C49A80500F31BB7 /* Diurna */ = {
			isa = PBXNativeTarget;
			buildConfigurationList = 8D657EAD1C49A80500F31BB7 /* Build configuration list for PBXNativeTarget "Diurna" */;
			buildPhases = (
				8D657E861C49A80500F31BB7 /* Sources */,
				8D657E871C49A80500F31BB7 /* Frameworks */,
				8D657E881C49A80500F31BB7 /* Resources */,
			);
			buildRules = (
			);
			dependencies = (
			);
			name = Diurna;
			productName = Diurna;
			productReference = 8D04F1F41E3E0B6100ECA372 /* Diurna.app */;
			productType = "com.apple.product-type.application";
		};
/* End PBXNativeTarget section */

/* Begin PBXProject section */
		8D657E821C49A80500F31BB7 /* Project object */ = {
			isa = PBXProject;
			attributes = {
				LastSwiftUpdateCheck = 0720;
				LastUpgradeCheck = 0900;
				ORGANIZATIONNAME = "Nicolas Gaulard-Querol";
				TargetAttributes = {
					8D657E891C49A80500F31BB7 = {
						CreatedOnToolsVersion = 7.2;
						DevelopmentTeam = L8JTCTCWN2;
						DevelopmentTeamName = "Nicolas Gaulard-Querol (Personal Team)";
						LastSwiftMigration = 0900;
						ProvisioningStyle = Automatic;
					};
				};
			};
			buildConfigurationList = 8D657E851C49A80500F31BB7 /* Build configuration list for PBXProject "Diurna" */;
			compatibilityVersion = "Xcode 6.3";
			developmentRegion = English;
			hasScannedForEncodings = 0;
			knownRegions = (
				en,
				Base,
			);
			mainGroup = 8D657E811C49A80400F31BB7;
			productRefGroup = 8D657E811C49A80400F31BB7;
			projectDirPath = "";
			projectRoot = "";
			targets = (
				8D657E891C49A80500F31BB7 /* Diurna */,
			);
		};
/* End PBXProject section */

/* Begin PBXResourcesBuildPhase section */
		8D657E881C49A80500F31BB7 /* Resources */ = {
			isa = PBXResourcesBuildPhase;
			buildActionMask = 2147483647;
			files = (
				8D2FC6A51FDD681800E22E24 /* ProgressOverlayView.xib in Resources */,
				8D5DB2181D637909009A8E71 /* TestData in Resources */,
				8D8105231DCE53200031AE2C /* UserDetailsPopoverView.xib in Resources */,
				8DEEA5621C52CB45001DB85D /* Main.storyboard in Resources */,
				8D1DAB521FDDD38600FF4FCC /* StoryStatusView.xib in Resources */,
				8D05A7641CF7B21D0066EADE /* Credits.rtf in Resources */,
				8DB29B361CF37E32006EBF32 /* Assets.xcassets in Resources */,
			);
			runOnlyForDeploymentPostprocessing = 0;
		};
/* End PBXResourcesBuildPhase section */

/* Begin PBXSourcesBuildPhase section */
		8D657E861C49A80500F31BB7 /* Sources */ = {
			isa = PBXSourcesBuildPhase;
			buildActionMask = 2147483647;
			files = (
				8D3489CC1CFB07F6007A37C9 /* CategoryRowView.swift in Sources */,
				8D7856AE1DCE45E50051F3E2 /* AboutWindowController.swift in Sources */,
				8DDF25BB1EED577900402E54 /* ClickableTextField.swift in Sources */,
				8D92332D1FCCAA3C001FE232 /* StoryMasterViewController.swift in Sources */,
				8D7A6AFD1C9DBDF0002B119C /* CategoriesViewController.swift in Sources */,
				8D9B33F51E74AF2F007B5E1F /* FirebaseRESTAPIClient.swift in Sources */,
				8D766FC11F23C53400534769 /* StoriesTableView.swift in Sources */,
				8DC941371E3D0308008BB0A5 /* Theme.swift in Sources */,
				8D86F4491CF7343900017E47 /* AboutViewController.swift in Sources */,
				8D5D02051D67AEEC00D22259 /* NSImageView+Tint.swift in Sources */,
				8D2630361C755F4600CFFE62 /* URL+ShortURL.swift in Sources */,
				8DD8CBC91D706E08005F4238 /* Result.swift in Sources */,
				8DAAFEB51FB7B17D0023783A /* NetworkingAware.swift in Sources */,
				8D3DD41F1F6B4785007415B6 /* JSONDecodable.swift in Sources */,
				8D7EC20F1FE5997400126BFF /* Int+KFormatted.swift in Sources */,
				8D0043531C4EE38F00C1F7D6 /* Story.swift in Sources */,
				8D7EC20D1FE1E8F000126BFF /* NSAttributedString+Additions.swift in Sources */,
				8DEC92221C708E2800833317 /* UserDetailsPopoverViewController.swift in Sources */,
				8D0043541C4EE38F00C1F7D6 /* APIClient.swift in Sources */,
				8DF93B661E66FB8600F3CA51 /* FirebaseAPIClient.swift in Sources */,
				8D708E3A1C7F6E300089BD7D /* CommentsOutlineView.swift in Sources */,
				8D4DC0071D4A534F0066EB11 /* MarkupLayoutManager.swift in Sources */,
				8D323F611D66496200B33DA9 /* WebRouting.swift in Sources */,
				8D2630341C754EC900CFFE62 /* String+MarkupParser.swift in Sources */,
				8D72DFC71C50313100ADEBB8 /* StoryCellView.swift in Sources */,
				8D16E97E1D217A9700FD1153 /* MainWindowController.swift in Sources */,
				8D4DC54B1FEC210B003997C5 /* FadingScrollView.swift in Sources */,
				8DEC92261C71F4B300833317 /* User.swift in Sources */,
				8D2FC6A71FDD68F800E22E24 /* ProgressOverlayView.swift in Sources */,
				8DA296A21D2ABEC50072DABB /* HorizontalLineSeparatorView.swift in Sources */,
				8DC941301E3CF626008BB0A5 /* StoryRowView.swift in Sources */,
				8D91D0B51FCC9B6900A61601 /* StoryDetailsViewController.swift in Sources */,
				8DA296A41D2AD5BD0072DABB /* LightColoredBadgeView.swift in Sources */,
				8DECDCF31D1B049A005AC978 /* CommentsViewController.swift in Sources */,
				8D29AC0F1E7A1118002FFB32 /* ThemeableButton.swift in Sources */,
				8D16E9801D21817400FD1153 /* MainSplitViewController.swift in Sources */,
				8DD8C2AD1C554AB200D8A673 /* Comment.swift in Sources */,
				8DC309521C6E0D3F00188137 /* MarkupParser.swift in Sources */,
				8D0043551C4EE38F00C1F7D6 /* StoriesViewController.swift in Sources */,
				8D4DC0091D4A53830066EB11 /* MarkupTextView.swift in Sources */,
				8D1DAB541FDDD47600FF4FCC /* StoryStatusView.swift in Sources */,
				8DD9B1B31C8D6A570042F89C /* Date+TimeIntervalString.swift in Sources */,
				8D5ED1DB1C570165004440FD /* CommentCellView.swift in Sources */,
				8DEEA5601C514150001DB85D /* Item.swift in Sources */,
				8D0043561C4EE38F00C1F7D6 /* AppDelegate.swift in Sources */,
				8D086DF01D2D5BB10015EF71 /* DisclosureButtonView.swift in Sources */,
				8D4630981E7B073600B31BA9 /* TransparentDividerSplitView.swift in Sources */,
			);
			runOnlyForDeploymentPostprocessing = 0;
		};
/* End PBXSourcesBuildPhase section */

/* Begin XCBuildConfiguration section */
		8D657EAB1C49A80500F31BB7 /* Debug */ = {
			isa = XCBuildConfiguration;
			buildSettings = {
				ALWAYS_SEARCH_USER_PATHS = NO;
				CLANG_CXX_LANGUAGE_STANDARD = "gnu++0x";
				CLANG_CXX_LIBRARY = "libc++";
				CLANG_ENABLE_MODULES = YES;
				CLANG_ENABLE_OBJC_ARC = YES;
				CLANG_WARN_BLOCK_CAPTURE_AUTORELEASING = YES;
				CLANG_WARN_BOOL_CONVERSION = YES;
				CLANG_WARN_COMMA = YES;
				CLANG_WARN_CONSTANT_CONVERSION = YES;
				CLANG_WARN_DIRECT_OBJC_ISA_USAGE = YES_ERROR;
				CLANG_WARN_EMPTY_BODY = YES;
				CLANG_WARN_ENUM_CONVERSION = YES;
				CLANG_WARN_INFINITE_RECURSION = YES;
				CLANG_WARN_INT_CONVERSION = YES;
				CLANG_WARN_NON_LITERAL_NULL_CONVERSION = YES;
				CLANG_WARN_OBJC_LITERAL_CONVERSION = YES;
				CLANG_WARN_OBJC_ROOT_CLASS = YES_ERROR;
				CLANG_WARN_RANGE_LOOP_ANALYSIS = YES;
				CLANG_WARN_STRICT_PROTOTYPES = YES;
				CLANG_WARN_SUSPICIOUS_MOVE = YES;
				CLANG_WARN_UNREACHABLE_CODE = YES;
				CLANG_WARN__DUPLICATE_METHOD_MATCH = YES;
				CODE_SIGN_IDENTITY = "-";
				COPY_PHASE_STRIP = NO;
				DEBUG_INFORMATION_FORMAT = dwarf;
				ENABLE_STRICT_OBJC_MSGSEND = YES;
				ENABLE_TESTABILITY = YES;
				GCC_C_LANGUAGE_STANDARD = gnu99;
				GCC_DYNAMIC_NO_PIC = NO;
				GCC_NO_COMMON_BLOCKS = YES;
				GCC_OPTIMIZATION_LEVEL = 0;
				GCC_PREPROCESSOR_DEFINITIONS = (
					"DEBUG=1",
					"$(inherited)",
				);
				GCC_WARN_64_TO_32_BIT_CONVERSION = YES;
				GCC_WARN_ABOUT_RETURN_TYPE = YES_ERROR;
				GCC_WARN_UNDECLARED_SELECTOR = YES;
				GCC_WARN_UNINITIALIZED_AUTOS = YES_AGGRESSIVE;
				GCC_WARN_UNUSED_FUNCTION = YES;
				GCC_WARN_UNUSED_VARIABLE = YES;
				MACOSX_DEPLOYMENT_TARGET = 10.12;
				MTL_ENABLE_DEBUG_INFO = YES;
				ONLY_ACTIVE_ARCH = YES;
				SDKROOT = macosx;
				SWIFT_OPTIMIZATION_LEVEL = "-Onone";
			};
			name = Debug;
		};
		8D657EAC1C49A80500F31BB7 /* Release */ = {
			isa = XCBuildConfiguration;
			buildSettings = {
				ALWAYS_SEARCH_USER_PATHS = NO;
				CLANG_CXX_LANGUAGE_STANDARD = "gnu++0x";
				CLANG_CXX_LIBRARY = "libc++";
				CLANG_ENABLE_MODULES = YES;
				CLANG_ENABLE_OBJC_ARC = YES;
				CLANG_WARN_BLOCK_CAPTURE_AUTORELEASING = YES;
				CLANG_WARN_BOOL_CONVERSION = YES;
				CLANG_WARN_COMMA = YES;
				CLANG_WARN_CONSTANT_CONVERSION = YES;
				CLANG_WARN_DIRECT_OBJC_ISA_USAGE = YES_ERROR;
				CLANG_WARN_EMPTY_BODY = YES;
				CLANG_WARN_ENUM_CONVERSION = YES;
				CLANG_WARN_INFINITE_RECURSION = YES;
				CLANG_WARN_INT_CONVERSION = YES;
				CLANG_WARN_NON_LITERAL_NULL_CONVERSION = YES;
				CLANG_WARN_OBJC_LITERAL_CONVERSION = YES;
				CLANG_WARN_OBJC_ROOT_CLASS = YES_ERROR;
				CLANG_WARN_RANGE_LOOP_ANALYSIS = YES;
				CLANG_WARN_STRICT_PROTOTYPES = YES;
				CLANG_WARN_SUSPICIOUS_MOVE = YES;
				CLANG_WARN_UNREACHABLE_CODE = YES;
				CLANG_WARN__DUPLICATE_METHOD_MATCH = YES;
				CODE_SIGN_IDENTITY = "-";
				COPY_PHASE_STRIP = NO;
				DEBUG_INFORMATION_FORMAT = "dwarf-with-dsym";
				ENABLE_NS_ASSERTIONS = NO;
				ENABLE_STRICT_OBJC_MSGSEND = YES;
				GCC_C_LANGUAGE_STANDARD = gnu99;
				GCC_NO_COMMON_BLOCKS = YES;
				GCC_WARN_64_TO_32_BIT_CONVERSION = YES;
				GCC_WARN_ABOUT_RETURN_TYPE = YES_ERROR;
				GCC_WARN_UNDECLARED_SELECTOR = YES;
				GCC_WARN_UNINITIALIZED_AUTOS = YES_AGGRESSIVE;
				GCC_WARN_UNUSED_FUNCTION = YES;
				GCC_WARN_UNUSED_VARIABLE = YES;
				MACOSX_DEPLOYMENT_TARGET = 10.12;
				MTL_ENABLE_DEBUG_INFO = NO;
				SDKROOT = macosx;
			};
			name = Release;
		};
		8D657EAE1C49A80500F31BB7 /* Debug */ = {
			isa = XCBuildConfiguration;
			buildSettings = {
				ASSETCATALOG_COMPILER_APPICON_NAME = AppIcon;
				CODE_SIGN_IDENTITY = "Mac Developer";
				COMBINE_HIDPI_IMAGES = YES;
				DEVELOPMENT_TEAM = L8JTCTCWN2;
				FRAMEWORK_SEARCH_PATHS = (
					"$(inherited)",
					"$(PROJECT_DIR)",
					"$(PROJECT_DIR)/Frameworks",
				);
				INFOPLIST_FILE = Diurna/Info.plist;
				LD_RUNPATH_SEARCH_PATHS = "$(inherited) @loader_path/../Frameworks @executable_path/../Frameworks";
				MACOSX_DEPLOYMENT_TARGET = 10.12;
				OTHER_LDFLAGS = "-ObjC";
				PRODUCT_BUNDLE_IDENTIFIER = fr.ngquerol.Diurna;
				PRODUCT_NAME = Diurna;
				SCAN_ALL_SOURCE_FILES_FOR_INCLUDES = NO;
				SWIFT_SWIFT3_OBJC_INFERENCE = On;
				SWIFT_VERSION = 4.0;
			};
			name = Debug;
		};
		8D657EAF1C49A80500F31BB7 /* Release */ = {
			isa = XCBuildConfiguration;
			buildSettings = {
				ASSETCATALOG_COMPILER_APPICON_NAME = AppIcon;
				CODE_SIGN_IDENTITY = "Mac Developer";
				COMBINE_HIDPI_IMAGES = YES;
				DEVELOPMENT_TEAM = L8JTCTCWN2;
				FRAMEWORK_SEARCH_PATHS = (
					"$(inherited)",
					"$(PROJECT_DIR)",
					"$(PROJECT_DIR)/Frameworks",
				);
				INFOPLIST_FILE = Diurna/Info.plist;
				LD_RUNPATH_SEARCH_PATHS = "$(inherited) @loader_path/../Frameworks @executable_path/../Frameworks";
				MACOSX_DEPLOYMENT_TARGET = 10.12;
				OTHER_LDFLAGS = "-ObjC";
				PRODUCT_BUNDLE_IDENTIFIER = fr.ngquerol.Diurna;
				PRODUCT_NAME = Diurna;
				SCAN_ALL_SOURCE_FILES_FOR_INCLUDES = NO;
				SWIFT_OPTIMIZATION_LEVEL = "-Owholemodule";
				SWIFT_SWIFT3_OBJC_INFERENCE = On;
				SWIFT_VERSION = 4.0;
			};
			name = Release;
		};
/* End XCBuildConfiguration section */

/* Begin XCConfigurationList section */
		8D657E851C49A80500F31BB7 /* Build configuration list for PBXProject "Diurna" */ = {
			isa = XCConfigurationList;
			buildConfigurations = (
				8D657EAB1C49A80500F31BB7 /* Debug */,
				8D657EAC1C49A80500F31BB7 /* Release */,
			);
			defaultConfigurationIsVisible = 0;
			defaultConfigurationName = Release;
		};
		8D657EAD1C49A80500F31BB7 /* Build configuration list for PBXNativeTarget "Diurna" */ = {
			isa = XCConfigurationList;
			buildConfigurations = (
				8D657EAE1C49A80500F31BB7 /* Debug */,
				8D657EAF1C49A80500F31BB7 /* Release */,
			);
			defaultConfigurationIsVisible = 0;
			defaultConfigurationName = Release;
		};
/* End XCConfigurationList section */
	};
	rootObject = 8D657E821C49A80500F31BB7 /* Project object */;
}
