// !$*UTF8*$!
{
	archiveVersion = 1;
	classes = {
	};
	objectVersion = 50;
	objects = {

/* Begin PBXBuildFile section */
		8D23B0D624AB5AC800CDD7B1 /* MockHNAPIClient.swift in Sources */ = {isa = PBXBuildFile; fileRef = 8D23B0D524AB5AC800CDD7B1 /* MockHNAPIClient.swift */; };
		8D23B0FE24AC0ED200CDD7B1 /* KeyedDecodingContainer+decodeURL.swift in Sources */ = {isa = PBXBuildFile; fileRef = 8D23B0FD24AC0ED200CDD7B1 /* KeyedDecodingContainer+decodeURL.swift */; };
		8D23B10224AD1E0600CDD7B1 /* WebRouting.swift in Sources */ = {isa = PBXBuildFile; fileRef = 8D23B10124AD1E0600CDD7B1 /* WebRouting.swift */; };
		8D6B488D231175C7006AA005 /* FirebaseHNAPIClient.swift in Sources */ = {isa = PBXBuildFile; fileRef = 8DD2CCAA230B174B001BEAB4 /* FirebaseHNAPIClient.swift */; };
		8D6B488E231175C8006AA005 /* RESTHNAPIClient.swift in Sources */ = {isa = PBXBuildFile; fileRef = 8DD2CCA8230B174B001BEAB4 /* RESTHNAPIClient.swift */; };
		8D6B488F231175C8006AA005 /* APIClient.swift in Sources */ = {isa = PBXBuildFile; fileRef = 8DD2CCB8230B1CD7001BEAB4 /* APIClient.swift */; };
		8D6B489B231176DD006AA005 /* Comment.swift in Sources */ = {isa = PBXBuildFile; fileRef = 8D6B4895231176DD006AA005 /* Comment.swift */; };
		8D6B489C231176DD006AA005 /* Item.swift in Sources */ = {isa = PBXBuildFile; fileRef = 8D6B4896231176DD006AA005 /* Item.swift */; };
		8D6B489E231176DD006AA005 /* User.swift in Sources */ = {isa = PBXBuildFile; fileRef = 8D6B4899231176DD006AA005 /* User.swift */; };
		8D6B489F231176DD006AA005 /* Story.swift in Sources */ = {isa = PBXBuildFile; fileRef = 8D6B489A231176DD006AA005 /* Story.swift */; };
		8D6B48A123117AA6006AA005 /* Decodable+JSONInit.swift in Sources */ = {isa = PBXBuildFile; fileRef = 8D6B48A023117AA6006AA005 /* Decodable+JSONInit.swift */; };
		EA218D6C9E6312AEFB4B5CB1 /* Pods_HackerNewsAPI.framework in Frameworks */ = {isa = PBXBuildFile; fileRef = D053E8025878C63BFF904B98 /* Pods_HackerNewsAPI.framework */; };
/* End PBXBuildFile section */

/* Begin PBXCopyFilesBuildPhase section */
		8D6B48A423117D03006AA005 /* Embed Frameworks */ = {
			isa = PBXCopyFilesBuildPhase;
			buildActionMask = 12;
			dstPath = "";
			dstSubfolderSpec = 10;
			files = (
			);
			name = "Embed Frameworks";
			runOnlyForDeploymentPostprocessing = 0;
		};
/* End PBXCopyFilesBuildPhase section */

/* Begin PBXFileReference section */
		5B9C975E858828EC623EA47D /* Pods-HackerNewsAPI.release.xcconfig */ = {isa = PBXFileReference; includeInIndex = 1; lastKnownFileType = text.xcconfig; name = "Pods-HackerNewsAPI.release.xcconfig"; path = "Target Support Files/Pods-HackerNewsAPI/Pods-HackerNewsAPI.release.xcconfig"; sourceTree = "<group>"; };
		8D23B0D524AB5AC800CDD7B1 /* MockHNAPIClient.swift */ = {isa = PBXFileReference; lastKnownFileType = sourcecode.swift; path = MockHNAPIClient.swift; sourceTree = "<group>"; };
		8D23B0FD24AC0ED200CDD7B1 /* KeyedDecodingContainer+decodeURL.swift */ = {isa = PBXFileReference; lastKnownFileType = sourcecode.swift; path = "KeyedDecodingContainer+decodeURL.swift"; sourceTree = "<group>"; };
		8D23B10124AD1E0600CDD7B1 /* WebRouting.swift */ = {isa = PBXFileReference; fileEncoding = 4; lastKnownFileType = sourcecode.swift; path = WebRouting.swift; sourceTree = "<group>"; };
		8D6B4895231176DD006AA005 /* Comment.swift */ = {isa = PBXFileReference; fileEncoding = 4; lastKnownFileType = sourcecode.swift; path = Comment.swift; sourceTree = "<group>"; };
		8D6B4896231176DD006AA005 /* Item.swift */ = {isa = PBXFileReference; fileEncoding = 4; lastKnownFileType = sourcecode.swift; path = Item.swift; sourceTree = "<group>"; };
		8D6B4899231176DD006AA005 /* User.swift */ = {isa = PBXFileReference; fileEncoding = 4; lastKnownFileType = sourcecode.swift; path = User.swift; sourceTree = "<group>"; };
		8D6B489A231176DD006AA005 /* Story.swift */ = {isa = PBXFileReference; fileEncoding = 4; lastKnownFileType = sourcecode.swift; path = Story.swift; sourceTree = "<group>"; };
		8D6B48A023117AA6006AA005 /* Decodable+JSONInit.swift */ = {isa = PBXFileReference; lastKnownFileType = sourcecode.swift; path = "Decodable+JSONInit.swift"; sourceTree = "<group>"; };
		8DD2CC92230B171B001BEAB4 /* Info.plist */ = {isa = PBXFileReference; lastKnownFileType = text.plist.xml; path = Info.plist; sourceTree = "<group>"; };
		8DD2CCA8230B174B001BEAB4 /* RESTHNAPIClient.swift */ = {isa = PBXFileReference; fileEncoding = 4; lastKnownFileType = sourcecode.swift; path = RESTHNAPIClient.swift; sourceTree = "<group>"; };
		8DD2CCAA230B174B001BEAB4 /* FirebaseHNAPIClient.swift */ = {isa = PBXFileReference; fileEncoding = 4; lastKnownFileType = sourcecode.swift; path = FirebaseHNAPIClient.swift; sourceTree = "<group>"; };
		8DD2CCB8230B1CD7001BEAB4 /* APIClient.swift */ = {isa = PBXFileReference; fileEncoding = 4; lastKnownFileType = sourcecode.swift; path = APIClient.swift; sourceTree = "<group>"; };
		8DE61CA123ED8E0200FAC9FC /* HackerNewsAPI.framework */ = {isa = PBXFileReference; explicitFileType = wrapper.framework; includeInIndex = 0; path = HackerNewsAPI.framework; sourceTree = BUILT_PRODUCTS_DIR; };
		C2AD8A12740C718F0A001C61 /* Pods-HackerNewsAPI.debug.xcconfig */ = {isa = PBXFileReference; includeInIndex = 1; lastKnownFileType = text.xcconfig; name = "Pods-HackerNewsAPI.debug.xcconfig"; path = "Target Support Files/Pods-HackerNewsAPI/Pods-HackerNewsAPI.debug.xcconfig"; sourceTree = "<group>"; };
		D053E8025878C63BFF904B98 /* Pods_HackerNewsAPI.framework */ = {isa = PBXFileReference; explicitFileType = wrapper.framework; includeInIndex = 0; path = Pods_HackerNewsAPI.framework; sourceTree = BUILT_PRODUCTS_DIR; };
/* End PBXFileReference section */

/* Begin PBXFrameworksBuildPhase section */
		8DD2CC8B230B171B001BEAB4 /* Frameworks */ = {
			isa = PBXFrameworksBuildPhase;
			buildActionMask = 2147483647;
			files = (
				EA218D6C9E6312AEFB4B5CB1 /* Pods_HackerNewsAPI.framework in Frameworks */,
			);
			runOnlyForDeploymentPostprocessing = 0;
		};
/* End PBXFrameworksBuildPhase section */

/* Begin PBXGroup section */
		8D23B0EC24AB60A200CDD7B1 /* Resources */ = {
			isa = PBXGroup;
			children = (
			);
			path = Resources;
			sourceTree = "<group>";
		};
		8D2E6BF12312B17D00F1FAD2 /* Extensions */ = {
			isa = PBXGroup;
			children = (
				8D6B48A023117AA6006AA005 /* Decodable+JSONInit.swift */,
				8D23B0FD24AC0ED200CDD7B1 /* KeyedDecodingContainer+decodeURL.swift */,
			);
			path = Extensions;
			sourceTree = "<group>";
		};
		8D6B4894231176DD006AA005 /* Model */ = {
			isa = PBXGroup;
			children = (
				8D6B4896231176DD006AA005 /* Item.swift */,
				8D6B4895231176DD006AA005 /* Comment.swift */,
				8D6B489A231176DD006AA005 /* Story.swift */,
				8D6B4899231176DD006AA005 /* User.swift */,
			);
			path = Model;
			sourceTree = "<group>";
		};
		8DD2CC84230B171B001BEAB4 = {
			isa = PBXGroup;
			children = (
				8D23B0EC24AB60A200CDD7B1 /* Resources */,
				8DD2CC90230B171B001BEAB4 /* HackerNewsAPI */,
				8DD2CC92230B171B001BEAB4 /* Info.plist */,
				8DE61CA123ED8E0200FAC9FC /* HackerNewsAPI.framework */,
				DC6CC5BEF4E94D548071DCB8 /* Pods */,
				FBEE3061D8AADE17EF2E2C51 /* Frameworks */,
			);
			sourceTree = "<group>";
		};
		8DD2CC90230B171B001BEAB4 /* HackerNewsAPI */ = {
			isa = PBXGroup;
			children = (
				8D2E6BF12312B17D00F1FAD2 /* Extensions */,
				8D6B4894231176DD006AA005 /* Model */,
				8DD2CCB8230B1CD7001BEAB4 /* APIClient.swift */,
				8D23B10124AD1E0600CDD7B1 /* WebRouting.swift */,
				8DD2CCAA230B174B001BEAB4 /* FirebaseHNAPIClient.swift */,
				8DD2CCA8230B174B001BEAB4 /* RESTHNAPIClient.swift */,
				8D23B0D524AB5AC800CDD7B1 /* MockHNAPIClient.swift */,
			);
			name = HackerNewsAPI;
			path = Sources;
			sourceTree = "<group>";
		};
		DC6CC5BEF4E94D548071DCB8 /* Pods */ = {
			isa = PBXGroup;
			children = (
				C2AD8A12740C718F0A001C61 /* Pods-HackerNewsAPI.debug.xcconfig */,
				5B9C975E858828EC623EA47D /* Pods-HackerNewsAPI.release.xcconfig */,
			);
			name = Pods;
			path = ../Pods;
			sourceTree = "<group>";
		};
		FBEE3061D8AADE17EF2E2C51 /* Frameworks */ = {
			isa = PBXGroup;
			children = (
				D053E8025878C63BFF904B98 /* Pods_HackerNewsAPI.framework */,
			);
			name = Frameworks;
			sourceTree = "<group>";
		};
/* End PBXGroup section */

/* Begin PBXHeadersBuildPhase section */
		8DD2CC89230B171B001BEAB4 /* Headers */ = {
			isa = PBXHeadersBuildPhase;
			buildActionMask = 2147483647;
			files = (
			);
			runOnlyForDeploymentPostprocessing = 0;
		};
/* End PBXHeadersBuildPhase section */

/* Begin PBXNativeTarget section */
		8DD2CC8D230B171B001BEAB4 /* HackerNewsAPI */ = {
			isa = PBXNativeTarget;
			buildConfigurationList = 8DD2CCA2230B171C001BEAB4 /* Build configuration list for PBXNativeTarget "HackerNewsAPI" */;
			buildPhases = (
				1862FE80083E47E0A6EAE520 /* [CP] Check Pods Manifest.lock */,
				8DD2CC89230B171B001BEAB4 /* Headers */,
				8DD2CC8A230B171B001BEAB4 /* Sources */,
				8DD2CC8B230B171B001BEAB4 /* Frameworks */,
				8DD2CC8C230B171B001BEAB4 /* Resources */,
				8D6B48A423117D03006AA005 /* Embed Frameworks */,
			);
			buildRules = (
			);
			dependencies = (
			);
			name = HackerNewsAPI;
			productName = HackerNewsAPI;
			productReference = 8DE61CA123ED8E0200FAC9FC /* HackerNewsAPI.framework */;
			productType = "com.apple.product-type.framework";
		};
/* End PBXNativeTarget section */

/* Begin PBXProject section */
		8DD2CC85230B171B001BEAB4 /* Project object */ = {
			isa = PBXProject;
			attributes = {
				DefaultBuildSystemTypeForWorkspace = Latest;
				LastSwiftUpdateCheck = 1100;
				LastUpgradeCheck = 1200;
				ORGANIZATIONNAME = "Nicolas Gaulard-Querol";
				TargetAttributes = {
					8DD2CC8D230B171B001BEAB4 = {
						CreatedOnToolsVersion = 11.0;
						LastSwiftMigration = 1100;
					};
				};
			};
			buildConfigurationList = 8DD2CC88230B171B001BEAB4 /* Build configuration list for PBXProject "HackerNewsAPI" */;
			compatibilityVersion = "Xcode 9.3";
			developmentRegion = en;
			hasScannedForEncodings = 0;
			knownRegions = (
				en,
				Base,
			);
			mainGroup = 8DD2CC84230B171B001BEAB4;
			productRefGroup = 8DD2CC84230B171B001BEAB4;
			projectDirPath = "";
			projectRoot = "";
			targets = (
				8DD2CC8D230B171B001BEAB4 /* HackerNewsAPI */,
			);
		};
/* End PBXProject section */

/* Begin PBXResourcesBuildPhase section */
		8DD2CC8C230B171B001BEAB4 /* Resources */ = {
			isa = PBXResourcesBuildPhase;
			buildActionMask = 2147483647;
			files = (
			);
			runOnlyForDeploymentPostprocessing = 0;
		};
/* End PBXResourcesBuildPhase section */

/* Begin PBXShellScriptBuildPhase section */
		1862FE80083E47E0A6EAE520 /* [CP] Check Pods Manifest.lock */ = {
			isa = PBXShellScriptBuildPhase;
			buildActionMask = 2147483647;
			files = (
			);
			inputFileListPaths = (
			);
			inputPaths = (
				"${PODS_PODFILE_DIR_PATH}/Podfile.lock",
				"${PODS_ROOT}/Manifest.lock",
			);
			name = "[CP] Check Pods Manifest.lock";
			outputFileListPaths = (
			);
			outputPaths = (
				"$(DERIVED_FILE_DIR)/Pods-HackerNewsAPI-checkManifestLockResult.txt",
			);
			runOnlyForDeploymentPostprocessing = 0;
			shellPath = /bin/sh;
			shellScript = "diff \"${PODS_PODFILE_DIR_PATH}/Podfile.lock\" \"${PODS_ROOT}/Manifest.lock\" > /dev/null\nif [ $? != 0 ] ; then\n    # print error to STDERR\n    echo \"error: The sandbox is not in sync with the Podfile.lock. Run 'pod install' or update your CocoaPods installation.\" >&2\n    exit 1\nfi\n# This output is used by Xcode 'outputs' to avoid re-running this script phase.\necho \"SUCCESS\" > \"${SCRIPT_OUTPUT_FILE_0}\"\n";
			showEnvVarsInLog = 0;
		};
/* End PBXShellScriptBuildPhase section */

/* Begin PBXSourcesBuildPhase section */
		8DD2CC8A230B171B001BEAB4 /* Sources */ = {
			isa = PBXSourcesBuildPhase;
			buildActionMask = 2147483647;
			files = (
				8D6B489B231176DD006AA005 /* Comment.swift in Sources */,
				8D23B10224AD1E0600CDD7B1 /* WebRouting.swift in Sources */,
				8D6B488D231175C7006AA005 /* FirebaseHNAPIClient.swift in Sources */,
				8D6B488E231175C8006AA005 /* RESTHNAPIClient.swift in Sources */,
				8D6B489E231176DD006AA005 /* User.swift in Sources */,
				8D6B488F231175C8006AA005 /* APIClient.swift in Sources */,
				8D6B48A123117AA6006AA005 /* Decodable+JSONInit.swift in Sources */,
				8D6B489C231176DD006AA005 /* Item.swift in Sources */,
				8D6B489F231176DD006AA005 /* Story.swift in Sources */,
				8D23B0D624AB5AC800CDD7B1 /* MockHNAPIClient.swift in Sources */,
				8D23B0FE24AC0ED200CDD7B1 /* KeyedDecodingContainer+decodeURL.swift in Sources */,
			);
			runOnlyForDeploymentPostprocessing = 0;
		};
/* End PBXSourcesBuildPhase section */

/* Begin XCBuildConfiguration section */
		8DD2CCA0230B171C001BEAB4 /* Debug */ = {
			isa = XCBuildConfiguration;
			buildSettings = {
				ALWAYS_SEARCH_USER_PATHS = NO;
				CLANG_ANALYZER_NONNULL = YES;
				CLANG_ANALYZER_NUMBER_OBJECT_CONVERSION = YES_AGGRESSIVE;
				CLANG_CXX_LANGUAGE_STANDARD = "gnu++14";
				CLANG_CXX_LIBRARY = "libc++";
				CLANG_ENABLE_MODULES = YES;
				CLANG_ENABLE_OBJC_ARC = YES;
				CLANG_ENABLE_OBJC_WEAK = YES;
				CLANG_WARN_BLOCK_CAPTURE_AUTORELEASING = YES;
				CLANG_WARN_BOOL_CONVERSION = YES;
				CLANG_WARN_COMMA = YES;
				CLANG_WARN_CONSTANT_CONVERSION = YES;
				CLANG_WARN_DEPRECATED_OBJC_IMPLEMENTATIONS = YES;
				CLANG_WARN_DIRECT_OBJC_ISA_USAGE = YES_ERROR;
				CLANG_WARN_DOCUMENTATION_COMMENTS = YES;
				CLANG_WARN_EMPTY_BODY = YES;
				CLANG_WARN_ENUM_CONVERSION = YES;
				CLANG_WARN_INFINITE_RECURSION = YES;
				CLANG_WARN_INT_CONVERSION = YES;
				CLANG_WARN_NON_LITERAL_NULL_CONVERSION = YES;
				CLANG_WARN_OBJC_IMPLICIT_RETAIN_SELF = YES;
				CLANG_WARN_OBJC_LITERAL_CONVERSION = YES;
				CLANG_WARN_OBJC_ROOT_CLASS = YES_ERROR;
				CLANG_WARN_QUOTED_INCLUDE_IN_FRAMEWORK_HEADER = YES;
				CLANG_WARN_RANGE_LOOP_ANALYSIS = YES;
				CLANG_WARN_STRICT_PROTOTYPES = YES;
				CLANG_WARN_SUSPICIOUS_MOVE = YES;
				CLANG_WARN_UNGUARDED_AVAILABILITY = YES_AGGRESSIVE;
				CLANG_WARN_UNREACHABLE_CODE = YES;
				CLANG_WARN__DUPLICATE_METHOD_MATCH = YES;
				COPY_PHASE_STRIP = NO;
				CURRENT_PROJECT_VERSION = 1;
				DEBUG_INFORMATION_FORMAT = dwarf;
				ENABLE_STRICT_OBJC_MSGSEND = YES;
				ENABLE_TESTABILITY = YES;
				GCC_C_LANGUAGE_STANDARD = gnu11;
				GCC_DYNAMIC_NO_PIC = NO;
				GCC_NO_COMMON_BLOCKS = YES;
				GCC_OPTIMIZATION_LEVEL = 0;
				GCC_PREPROCESSOR_DEFINITIONS = (
					"DEBUG=1",
					"$(inherited)",
				);
				GCC_WARN_64_TO_32_BIT_CONVERSION = YES;
				GCC_WARN_ABOUT_RETURN_TYPE = YES_ERROR;
				GCC_WARN_UNDECLARED_SELECTOR = YES;
				GCC_WARN_UNINITIALIZED_AUTOS = YES_AGGRESSIVE;
				GCC_WARN_UNUSED_FUNCTION = YES;
				GCC_WARN_UNUSED_VARIABLE = YES;
				LD_NO_PIE = YES;
				MACOSX_DEPLOYMENT_TARGET = 10.12;
				MTL_ENABLE_DEBUG_INFO = INCLUDE_SOURCE;
				MTL_FAST_MATH = YES;
				ONLY_ACTIVE_ARCH = YES;
				SDKROOT = macosx;
				SWIFT_ACTIVE_COMPILATION_CONDITIONS = DEBUG;
				SWIFT_OPTIMIZATION_LEVEL = "-Onone";
				VERSIONING_SYSTEM = "apple-generic";
				VERSION_INFO_PREFIX = "";
			};
			name = Debug;
		};
		8DD2CCA1230B171C001BEAB4 /* Release */ = {
			isa = XCBuildConfiguration;
			buildSettings = {
				ALWAYS_SEARCH_USER_PATHS = NO;
				CLANG_ANALYZER_NONNULL = YES;
				CLANG_ANALYZER_NUMBER_OBJECT_CONVERSION = YES_AGGRESSIVE;
				CLANG_CXX_LANGUAGE_STANDARD = "gnu++14";
				CLANG_CXX_LIBRARY = "libc++";
				CLANG_ENABLE_MODULES = YES;
				CLANG_ENABLE_OBJC_ARC = YES;
				CLANG_ENABLE_OBJC_WEAK = YES;
				CLANG_WARN_BLOCK_CAPTURE_AUTORELEASING = YES;
				CLANG_WARN_BOOL_CONVERSION = YES;
				CLANG_WARN_COMMA = YES;
				CLANG_WARN_CONSTANT_CONVERSION = YES;
				CLANG_WARN_DEPRECATED_OBJC_IMPLEMENTATIONS = YES;
				CLANG_WARN_DIRECT_OBJC_ISA_USAGE = YES_ERROR;
				CLANG_WARN_DOCUMENTATION_COMMENTS = YES;
				CLANG_WARN_EMPTY_BODY = YES;
				CLANG_WARN_ENUM_CONVERSION = YES;
				CLANG_WARN_INFINITE_RECURSION = YES;
				CLANG_WARN_INT_CONVERSION = YES;
				CLANG_WARN_NON_LITERAL_NULL_CONVERSION = YES;
				CLANG_WARN_OBJC_IMPLICIT_RETAIN_SELF = YES;
				CLANG_WARN_OBJC_LITERAL_CONVERSION = YES;
				CLANG_WARN_OBJC_ROOT_CLASS = YES_ERROR;
				CLANG_WARN_QUOTED_INCLUDE_IN_FRAMEWORK_HEADER = YES;
				CLANG_WARN_RANGE_LOOP_ANALYSIS = YES;
				CLANG_WARN_STRICT_PROTOTYPES = YES;
				CLANG_WARN_SUSPICIOUS_MOVE = YES;
				CLANG_WARN_UNGUARDED_AVAILABILITY = YES_AGGRESSIVE;
				CLANG_WARN_UNREACHABLE_CODE = YES;
				CLANG_WARN__DUPLICATE_METHOD_MATCH = YES;
				COPY_PHASE_STRIP = NO;
				CURRENT_PROJECT_VERSION = 1;
				DEBUG_INFORMATION_FORMAT = "dwarf-with-dsym";
				ENABLE_NS_ASSERTIONS = NO;
				ENABLE_STRICT_OBJC_MSGSEND = YES;
				GCC_C_LANGUAGE_STANDARD = gnu11;
				GCC_NO_COMMON_BLOCKS = YES;
				GCC_WARN_64_TO_32_BIT_CONVERSION = YES;
				GCC_WARN_ABOUT_RETURN_TYPE = YES_ERROR;
				GCC_WARN_UNDECLARED_SELECTOR = YES;
				GCC_WARN_UNINITIALIZED_AUTOS = YES_AGGRESSIVE;
				GCC_WARN_UNUSED_FUNCTION = YES;
				GCC_WARN_UNUSED_VARIABLE = YES;
				LD_NO_PIE = YES;
				MACOSX_DEPLOYMENT_TARGET = 10.12;
				MTL_ENABLE_DEBUG_INFO = NO;
				MTL_FAST_MATH = YES;
				SDKROOT = macosx;
				SWIFT_COMPILATION_MODE = wholemodule;
				SWIFT_OPTIMIZATION_LEVEL = "-O";
				VERSIONING_SYSTEM = "apple-generic";
				VERSION_INFO_PREFIX = "";
			};
			name = Release;
		};
		8DD2CCA3230B171C001BEAB4 /* Debug */ = {
			isa = XCBuildConfiguration;
			baseConfigurationReference = C2AD8A12740C718F0A001C61 /* Pods-HackerNewsAPI.debug.xcconfig */;
			buildSettings = {
				CLANG_ENABLE_MODULES = YES;
				CODE_SIGN_IDENTITY = "";
				CODE_SIGN_STYLE = Automatic;
				COMBINE_HIDPI_IMAGES = YES;
				DEFINES_MODULE = YES;
				DEVELOPMENT_TEAM = L8JTCTCWN2;
				DYLIB_COMPATIBILITY_VERSION = 1;
				DYLIB_CURRENT_VERSION = 1;
				DYLIB_INSTALL_NAME_BASE = "@rpath";
				FRAMEWORK_SEARCH_PATHS = (
					"$(inherited)",
					"$(PROJECT_DIR)/Frameworks",
				);
				FRAMEWORK_VERSION = A;
				INFOPLIST_FILE = "$(SRCROOT)/Info.plist";
				INSTALL_PATH = "$(LOCAL_LIBRARY_DIR)/Frameworks";
				LD_RUNPATH_SEARCH_PATHS = (
					"$(inherited)",
					"@executable_path/../Frameworks",
					"@loader_path/Frameworks",
				);
				MACH_O_TYPE = staticlib;
				MACOSX_DEPLOYMENT_TARGET = 10.12;
				MARKETING_VERSION = 1.0;
				PRODUCT_BUNDLE_IDENTIFIER = fr.ngquerol.HackerNewsAPI;
				PRODUCT_NAME = "$(TARGET_NAME:c99extidentifier)";
				PROVISIONING_PROFILE_SPECIFIER = "";
				SKIP_INSTALL = YES;
				SWIFT_OPTIMIZATION_LEVEL = "-Onone";
				SWIFT_VERSION = 5.0;
			};
			name = Debug;
		};
		8DD2CCA4230B171C001BEAB4 /* Release */ = {
			isa = XCBuildConfiguration;
			baseConfigurationReference = 5B9C975E858828EC623EA47D /* Pods-HackerNewsAPI.release.xcconfig */;
			buildSettings = {
				CLANG_ENABLE_MODULES = YES;
				CODE_SIGN_IDENTITY = "";
				CODE_SIGN_STYLE = Automatic;
				COMBINE_HIDPI_IMAGES = YES;
				DEFINES_MODULE = YES;
				DEVELOPMENT_TEAM = L8JTCTCWN2;
				DYLIB_COMPATIBILITY_VERSION = 1;
				DYLIB_CURRENT_VERSION = 1;
				DYLIB_INSTALL_NAME_BASE = "@rpath";
				FRAMEWORK_SEARCH_PATHS = (
					"$(inherited)",
					"$(PROJECT_DIR)/Frameworks",
				);
				FRAMEWORK_VERSION = A;
				INFOPLIST_FILE = "$(SRCROOT)/Info.plist";
				INSTALL_PATH = "$(LOCAL_LIBRARY_DIR)/Frameworks";
				LD_RUNPATH_SEARCH_PATHS = (
					"$(inherited)",
					"@executable_path/../Frameworks",
					"@loader_path/Frameworks",
				);
				MACH_O_TYPE = staticlib;
				MACOSX_DEPLOYMENT_TARGET = 10.12;
				MARKETING_VERSION = 1.0;
				PRODUCT_BUNDLE_IDENTIFIER = fr.ngquerol.HackerNewsAPI;
				PRODUCT_NAME = "$(TARGET_NAME:c99extidentifier)";
				PROVISIONING_PROFILE_SPECIFIER = "";
				SKIP_INSTALL = YES;
				SWIFT_VERSION = 5.0;
			};
			name = Release;
		};
/* End XCBuildConfiguration section */

/* Begin XCConfigurationList section */
		8DD2CC88230B171B001BEAB4 /* Build configuration list for PBXProject "HackerNewsAPI" */ = {
			isa = XCConfigurationList;
			buildConfigurations = (
				8DD2CCA0230B171C001BEAB4 /* Debug */,
				8DD2CCA1230B171C001BEAB4 /* Release */,
			);
			defaultConfigurationIsVisible = 0;
			defaultConfigurationName = Release;
		};
		8DD2CCA2230B171C001BEAB4 /* Build configuration list for PBXNativeTarget "HackerNewsAPI" */ = {
			isa = XCConfigurationList;
			buildConfigurations = (
				8DD2CCA3230B171C001BEAB4 /* Debug */,
				8DD2CCA4230B171C001BEAB4 /* Release */,
			);
			defaultConfigurationIsVisible = 0;
			defaultConfigurationName = Release;
		};
/* End XCConfigurationList section */
	};
	rootObject = 8DD2CC85230B171B001BEAB4 /* Project object */;
}
